
Microsoft Visual Studio Solution File, Format Version 12.00
# Visual Studio Version 16
VisualStudioVersion = 16.0.30503.244
MinimumVisualStudioVersion = 10.0.40219.1
Project("{FAE04EC0-301F-11D3-BF4B-00C04F79EFBC}") = "SacramentPlanner", "SacramentPlanner.csproj", "{46CEB41F-2C5A-4FE0-A68D-00EE12896EAE}"
EndProject
Global
	GlobalSection(SolutionConfigurationPlatforms) = preSolution
		Debug|Any CPU = Debug|Any CPU
		Release|Any CPU = Release|Any CPU
	EndGlobalSection
	GlobalSection(ProjectConfigurationPlatforms) = postSolution
		{46CEB41F-2C5A-4FE0-A68D-00EE12896EAE}.Debug|Any CPU.ActiveCfg = Debug|Any CPU
		{46CEB41F-2C5A-4FE0-A68D-00EE12896EAE}.Debug|Any CPU.Build.0 = Debug|Any CPU
		{46CEB41F-2C5A-4FE0-A68D-00EE12896EAE}.Release|Any CPU.ActiveCfg = Release|Any CPU
		{46CEB41F-2C5A-4FE0-A68D-00EE12896EAE}.Release|Any CPU.Build.0 = Release|Any CPU
	EndGlobalSection
	GlobalSection(SolutionProperties) = preSolution
		HideSolutionNode = FALSE
	EndGlobalSection
	GlobalSection(ExtensibilityGlobals) = postSolution
		SolutionGuid = {4A29DF10-5363-45AF-9F0E-3158B4F01D9B}
	EndGlobalSection
EndGlobal
